// !$*UTF8*$!
{
	archiveVersion = 1;
	classes = {
	};
	objectVersion = 77;
	objects = {

/* Begin PBXBuildFile section */
		D9BF74042D21297700A66A4A /* Auth in Frameworks */ = {isa = PBXBuildFile; productRef = D9BF74032D21297700A66A4A /* Auth */; };
		D9BF74062D21297700A66A4A /* Functions in Frameworks */ = {isa = PBXBuildFile; productRef = D9BF74052D21297700A66A4A /* Functions */; };
		D9BF74082D21297700A66A4A /* PostgREST in Frameworks */ = {isa = PBXBuildFile; productRef = D9BF74072D21297700A66A4A /* PostgREST */; };
		D9BF740A2D21297700A66A4A /* Realtime in Frameworks */ = {isa = PBXBuildFile; productRef = D9BF74092D21297700A66A4A /* Realtime */; };
		D9BF740C2D21297700A66A4A /* Storage in Frameworks */ = {isa = PBXBuildFile; productRef = D9BF740B2D21297700A66A4A /* Storage */; };
		D9BF740E2D21297700A66A4A /* Supabase in Frameworks */ = {isa = PBXBuildFile; productRef = D9BF740D2D21297700A66A4A /* Supabase */; };
/* End PBXBuildFile section */

/* Begin PBXContainerItemProxy section */
		D9363B5B2D22E92600D97C22 /* PBXContainerItemProxy */ = {
			isa = PBXContainerItemProxy;
			containerPortal = D9BF73CB2D210C6E00A66A4A /* Project object */;
			proxyType = 1;
			remoteGlobalIDString = D9BF73D22D210C6E00A66A4A;
			remoteInfo = Library;
		};
/* End PBXContainerItemProxy section */

/* Begin PBXFileReference section */
		D9363B572D22E92600D97C22 /* LibraryTests.xctest */ = {isa = PBXFileReference; explicitFileType = wrapper.cfbundle; includeInIndex = 0; path = LibraryTests.xctest; sourceTree = BUILT_PRODUCTS_DIR; };
		D9BF73D32D210C6E00A66A4A /* Library.app */ = {isa = PBXFileReference; explicitFileType = wrapper.application; includeInIndex = 0; path = Library.app; sourceTree = BUILT_PRODUCTS_DIR; };
/* End PBXFileReference section */

/* Begin PBXFileSystemSynchronizedRootGroup section */
		D9363B582D22E92600D97C22 /* LibraryTests */ = {
			isa = PBXFileSystemSynchronizedRootGroup;
			path = LibraryTests;
			sourceTree = "<group>";
		};
		D9BF73D52D210C6E00A66A4A /* Library */ = {
			isa = PBXFileSystemSynchronizedRootGroup;
			path = Library;
			sourceTree = "<group>";
		};
/* End PBXFileSystemSynchronizedRootGroup section */

/* Begin PBXFrameworksBuildPhase section */
		D9363B542D22E92600D97C22 /* Frameworks */ = {
			isa = PBXFrameworksBuildPhase;
			buildActionMask = 2147483647;
			files = (
			);
			runOnlyForDeploymentPostprocessing = 0;
		};
		D9BF73D02D210C6E00A66A4A /* Frameworks */ = {
			isa = PBXFrameworksBuildPhase;
			buildActionMask = 2147483647;
			files = (
				D9BF74082D21297700A66A4A /* PostgREST in Frameworks */,
				D9BF74062D21297700A66A4A /* Functions in Frameworks */,
				D9BF740E2D21297700A66A4A /* Supabase in Frameworks */,
				D9BF74042D21297700A66A4A /* Auth in Frameworks */,
				D9BF740C2D21297700A66A4A /* Storage in Frameworks */,
				D9BF740A2D21297700A66A4A /* Realtime in Frameworks */,
			);
			runOnlyForDeploymentPostprocessing = 0;
		};
/* End PBXFrameworksBuildPhase section */

/* Begin PBXGroup section */
		D9BF73CA2D210C6E00A66A4A = {
			isa = PBXGroup;
			children = (
				D9BF73D52D210C6E00A66A4A /* Library */,
				D9363B582D22E92600D97C22 /* LibraryTests */,
				D9BF73D42D210C6E00A66A4A /* Products */,
			);
			sourceTree = "<group>";
		};
		D9BF73D42D210C6E00A66A4A /* Products */ = {
			isa = PBXGroup;
			children = (
				D9BF73D32D210C6E00A66A4A /* Library.app */,
				D9363B572D22E92600D97C22 /* LibraryTests.xctest */,
			);
			name = Products;
			sourceTree = "<group>";
		};
/* End PBXGroup section */

/* Begin PBXNativeTarget section */
		D9363B562D22E92600D97C22 /* LibraryTests */ = {
			isa = PBXNativeTarget;
			buildConfigurationList = D9363B5D2D22E92600D97C22 /* Build configuration list for PBXNativeTarget "LibraryTests" */;
			buildPhases = (
				D9363B532D22E92600D97C22 /* Sources */,
				D9363B542D22E92600D97C22 /* Frameworks */,
				D9363B552D22E92600D97C22 /* Resources */,
			);
			buildRules = (
			);
			dependencies = (
				D9363B5C2D22E92600D97C22 /* PBXTargetDependency */,
			);
			fileSystemSynchronizedGroups = (
				D9363B582D22E92600D97C22 /* LibraryTests */,
			);
			name = LibraryTests;
			packageProductDependencies = (
			);
			productName = LibraryTests;
			productReference = D9363B572D22E92600D97C22 /* LibraryTests.xctest */;
			productType = "com.apple.product-type.bundle.unit-test";
		};
		D9BF73D22D210C6E00A66A4A /* Library */ = {
			isa = PBXNativeTarget;
			buildConfigurationList = D9BF73F72D210C6F00A66A4A /* Build configuration list for PBXNativeTarget "Library" */;
			buildPhases = (
				D9BF73CF2D210C6E00A66A4A /* Sources */,
				D9BF73D02D210C6E00A66A4A /* Frameworks */,
				D9BF73D12D210C6E00A66A4A /* Resources */,
			);
			buildRules = (
			);
			dependencies = (
			);
			fileSystemSynchronizedGroups = (
				D9BF73D52D210C6E00A66A4A /* Library */,
			);
			name = Library;
			packageProductDependencies = (
				D9BF74032D21297700A66A4A /* Auth */,
				D9BF74052D21297700A66A4A /* Functions */,
				D9BF74072D21297700A66A4A /* PostgREST */,
				D9BF74092D21297700A66A4A /* Realtime */,
				D9BF740B2D21297700A66A4A /* Storage */,
				D9BF740D2D21297700A66A4A /* Supabase */,
			);
			productName = Library;
			productReference = D9BF73D32D210C6E00A66A4A /* Library.app */;
			productType = "com.apple.product-type.application";
		};
/* End PBXNativeTarget section */

/* Begin PBXProject section */
		D9BF73CB2D210C6E00A66A4A /* Project object */ = {
			isa = PBXProject;
			attributes = {
				BuildIndependentTargetsInParallel = 1;
				LastSwiftUpdateCheck = 1620;
				LastUpgradeCheck = 1620;
				TargetAttributes = {
					D9363B562D22E92600D97C22 = {
						CreatedOnToolsVersion = 16.2;
						TestTargetID = D9BF73D22D210C6E00A66A4A;
					};
					D9BF73D22D210C6E00A66A4A = {
						CreatedOnToolsVersion = 16.2;
					};
				};
			};
			buildConfigurationList = D9BF73CE2D210C6E00A66A4A /* Build configuration list for PBXProject "Library" */;
			developmentRegion = en;
			hasScannedForEncodings = 0;
			knownRegions = (
				en,
				Base,
			);
			mainGroup = D9BF73CA2D210C6E00A66A4A;
			minimizedProjectReferenceProxies = 1;
			packageReferences = (
				D9BF74022D21297700A66A4A /* XCRemoteSwiftPackageReference "supabase-swift" */,
			);
			preferredProjectObjectVersion = 77;
			productRefGroup = D9BF73D42D210C6E00A66A4A /* Products */;
			projectDirPath = "";
			projectRoot = "";
			targets = (
				D9BF73D22D210C6E00A66A4A /* Library */,
				D9363B562D22E92600D97C22 /* LibraryTests */,
			);
		};
/* End PBXProject section */

/* Begin PBXResourcesBuildPhase section */
		D9363B552D22E92600D97C22 /* Resources */ = {
			isa = PBXResourcesBuildPhase;
			buildActionMask = 2147483647;
			files = (
			);
			runOnlyForDeploymentPostprocessing = 0;
		};
		D9BF73D12D210C6E00A66A4A /* Resources */ = {
			isa = PBXResourcesBuildPhase;
			buildActionMask = 2147483647;
			files = (
			);
			runOnlyForDeploymentPostprocessing = 0;
		};
/* End PBXResourcesBuildPhase section */

/* Begin PBXSourcesBuildPhase section */
		D9363B532D22E92600D97C22 /* Sources */ = {
			isa = PBXSourcesBuildPhase;
			buildActionMask = 2147483647;
			files = (
			);
			runOnlyForDeploymentPostprocessing = 0;
		};
		D9BF73CF2D210C6E00A66A4A /* Sources */ = {
			isa = PBXSourcesBuildPhase;
			buildActionMask = 2147483647;
			files = (
			);
			runOnlyForDeploymentPostprocessing = 0;
		};
/* End PBXSourcesBuildPhase section */

/* Begin PBXTargetDependency section */
		D9363B5C2D22E92600D97C22 /* PBXTargetDependency */ = {
			isa = PBXTargetDependency;
			target = D9BF73D22D210C6E00A66A4A /* Library */;
			targetProxy = D9363B5B2D22E92600D97C22 /* PBXContainerItemProxy */;
		};
/* End PBXTargetDependency section */

/* Begin XCBuildConfiguration section */
		D9363B5E2D22E92600D97C22 /* Debug */ = {
			isa = XCBuildConfiguration;
			buildSettings = {
				BUNDLE_LOADER = "$(TEST_HOST)";
				CODE_SIGN_STYLE = Automatic;
				CURRENT_PROJECT_VERSION = 1;
				DEVELOPMENT_TEAM = J44YP99CCP;
				GENERATE_INFOPLIST_FILE = YES;
				MARKETING_VERSION = 1.0;
				PRODUCT_BUNDLE_IDENTIFIER = rocca.LibraryTests;
				PRODUCT_NAME = "$(TARGET_NAME)";
				SWIFT_EMIT_LOC_STRINGS = NO;
				SWIFT_VERSION = 5.0;
				TARGETED_DEVICE_FAMILY = "1,2";
				TEST_HOST = "$(BUILT_PRODUCTS_DIR)/Library.app/$(BUNDLE_EXECUTABLE_FOLDER_PATH)/Library";
			};
			name = Debug;
		};
		D9363B5F2D22E92600D97C22 /* Release */ = {
			isa = XCBuildConfiguration;
			buildSettings = {
				BUNDLE_LOADER = "$(TEST_HOST)";
				CODE_SIGN_STYLE = Automatic;
				CURRENT_PROJECT_VERSION = 1;
				DEVELOPMENT_TEAM = J44YP99CCP;
				GENERATE_INFOPLIST_FILE = YES;
				MARKETING_VERSION = 1.0;
				PRODUCT_BUNDLE_IDENTIFIER = rocca.LibraryTests;
				PRODUCT_NAME = "$(TARGET_NAME)";
				SWIFT_EMIT_LOC_STRINGS = NO;
				SWIFT_VERSION = 5.0;
				TARGETED_DEVICE_FAMILY = "1,2";
				TEST_HOST = "$(BUILT_PRODUCTS_DIR)/Library.app/$(BUNDLE_EXECUTABLE_FOLDER_PATH)/Library";
			};
			name = Release;
		};
		D9BF73F52D210C6F00A66A4A /* Debug */ = {
			isa = XCBuildConfiguration;
			buildSettings = {
				ALWAYS_SEARCH_USER_PATHS = NO;
				ASSETCATALOG_COMPILER_GENERATE_SWIFT_ASSET_SYMBOL_EXTENSIONS = YES;
				CLANG_ANALYZER_NONNULL = YES;
				CLANG_ANALYZER_NUMBER_OBJECT_CONVERSION = YES_AGGRESSIVE;
				CLANG_CXX_LANGUAGE_STANDARD = "gnu++20";
				CLANG_ENABLE_MODULES = YES;
				CLANG_ENABLE_OBJC_ARC = YES;
				CLANG_ENABLE_OBJC_WEAK = YES;
				CLANG_WARN_BLOCK_CAPTURE_AUTORELEASING = YES;
				CLANG_WARN_BOOL_CONVERSION = YES;
				CLANG_WARN_COMMA = YES;
				CLANG_WARN_CONSTANT_CONVERSION = YES;
				CLANG_WARN_DEPRECATED_OBJC_IMPLEMENTATIONS = YES;
				CLANG_WARN_DIRECT_OBJC_ISA_USAGE = YES_ERROR;
				CLANG_WARN_DOCUMENTATION_COMMENTS = YES;
				CLANG_WARN_EMPTY_BODY = YES;
				CLANG_WARN_ENUM_CONVERSION = YES;
				CLANG_WARN_INFINITE_RECURSION = YES;
				CLANG_WARN_INT_CONVERSION = YES;
				CLANG_WARN_NON_LITERAL_NULL_CONVERSION = YES;
				CLANG_WARN_OBJC_IMPLICIT_RETAIN_SELF = YES;
				CLANG_WARN_OBJC_LITERAL_CONVERSION = YES;
				CLANG_WARN_OBJC_ROOT_CLASS = YES_ERROR;
				CLANG_WARN_QUOTED_INCLUDE_IN_FRAMEWORK_HEADER = YES;
				CLANG_WARN_RANGE_LOOP_ANALYSIS = YES;
				CLANG_WARN_STRICT_PROTOTYPES = YES;
				CLANG_WARN_SUSPICIOUS_MOVE = YES;
				CLANG_WARN_UNGUARDED_AVAILABILITY = YES_AGGRESSIVE;
				CLANG_WARN_UNREACHABLE_CODE = YES;
				CLANG_WARN__DUPLICATE_METHOD_MATCH = YES;
				COPY_PHASE_STRIP = NO;
				DEBUG_INFORMATION_FORMAT = dwarf;
				ENABLE_STRICT_OBJC_MSGSEND = YES;
				ENABLE_TESTABILITY = YES;
				ENABLE_USER_SCRIPT_SANDBOXING = YES;
				GCC_C_LANGUAGE_STANDARD = gnu17;
				GCC_DYNAMIC_NO_PIC = NO;
				GCC_NO_COMMON_BLOCKS = YES;
				GCC_OPTIMIZATION_LEVEL = 0;
				GCC_PREPROCESSOR_DEFINITIONS = (
					"DEBUG=1",
					"$(inherited)",
				);
				GCC_WARN_64_TO_32_BIT_CONVERSION = YES;
				GCC_WARN_ABOUT_RETURN_TYPE = YES_ERROR;
				GCC_WARN_UNDECLARED_SELECTOR = YES;
				GCC_WARN_UNINITIALIZED_AUTOS = YES_AGGRESSIVE;
				GCC_WARN_UNUSED_FUNCTION = YES;
				GCC_WARN_UNUSED_VARIABLE = YES;
				IPHONEOS_DEPLOYMENT_TARGET = 18.2;
				LOCALIZATION_PREFERS_STRING_CATALOGS = YES;
				MTL_ENABLE_DEBUG_INFO = INCLUDE_SOURCE;
				MTL_FAST_MATH = YES;
				ONLY_ACTIVE_ARCH = YES;
				SDKROOT = iphoneos;
				SWIFT_ACTIVE_COMPILATION_CONDITIONS = "DEBUG $(inherited)";
				SWIFT_OPTIMIZATION_LEVEL = "-Onone";
			};
			name = Debug;
		};
		D9BF73F62D210C6F00A66A4A /* Release */ = {
			isa = XCBuildConfiguration;
			buildSettings = {
				ALWAYS_SEARCH_USER_PATHS = NO;
				ASSETCATALOG_COMPILER_GENERATE_SWIFT_ASSET_SYMBOL_EXTENSIONS = YES;
				CLANG_ANALYZER_NONNULL = YES;
				CLANG_ANALYZER_NUMBER_OBJECT_CONVERSION = YES_AGGRESSIVE;
				CLANG_CXX_LANGUAGE_STANDARD = "gnu++20";
				CLANG_ENABLE_MODULES = YES;
				CLANG_ENABLE_OBJC_ARC = YES;
				CLANG_ENABLE_OBJC_WEAK = YES;
				CLANG_WARN_BLOCK_CAPTURE_AUTORELEASING = YES;
				CLANG_WARN_BOOL_CONVERSION = YES;
				CLANG_WARN_COMMA = YES;
				CLANG_WARN_CONSTANT_CONVERSION = YES;
				CLANG_WARN_DEPRECATED_OBJC_IMPLEMENTATIONS = YES;
				CLANG_WARN_DIRECT_OBJC_ISA_USAGE = YES_ERROR;
				CLANG_WARN_DOCUMENTATION_COMMENTS = YES;
				CLANG_WARN_EMPTY_BODY = YES;
				CLANG_WARN_ENUM_CONVERSION = YES;
				CLANG_WARN_INFINITE_RECURSION = YES;
				CLANG_WARN_INT_CONVERSION = YES;
				CLANG_WARN_NON_LITERAL_NULL_CONVERSION = YES;
				CLANG_WARN_OBJC_IMPLICIT_RETAIN_SELF = YES;
				CLANG_WARN_OBJC_LITERAL_CONVERSION = YES;
				CLANG_WARN_OBJC_ROOT_CLASS = YES_ERROR;
				CLANG_WARN_QUOTED_INCLUDE_IN_FRAMEWORK_HEADER = YES;
				CLANG_WARN_RANGE_LOOP_ANALYSIS = YES;
				CLANG_WARN_STRICT_PROTOTYPES = YES;
				CLANG_WARN_SUSPICIOUS_MOVE = YES;
				CLANG_WARN_UNGUARDED_AVAILABILITY = YES_AGGRESSIVE;
				CLANG_WARN_UNREACHABLE_CODE = YES;
				CLANG_WARN__DUPLICATE_METHOD_MATCH = YES;
				COPY_PHASE_STRIP = NO;
				DEBUG_INFORMATION_FORMAT = "dwarf-with-dsym";
				ENABLE_NS_ASSERTIONS = NO;
				ENABLE_STRICT_OBJC_MSGSEND = YES;
				ENABLE_USER_SCRIPT_SANDBOXING = YES;
				GCC_C_LANGUAGE_STANDARD = gnu17;
				GCC_NO_COMMON_BLOCKS = YES;
				GCC_WARN_64_TO_32_BIT_CONVERSION = YES;
				GCC_WARN_ABOUT_RETURN_TYPE = YES_ERROR;
				GCC_WARN_UNDECLARED_SELECTOR = YES;
				GCC_WARN_UNINITIALIZED_AUTOS = YES_AGGRESSIVE;
				GCC_WARN_UNUSED_FUNCTION = YES;
				GCC_WARN_UNUSED_VARIABLE = YES;
				IPHONEOS_DEPLOYMENT_TARGET = 18.2;
				LOCALIZATION_PREFERS_STRING_CATALOGS = YES;
				MTL_ENABLE_DEBUG_INFO = NO;
				MTL_FAST_MATH = YES;
				SDKROOT = iphoneos;
				SWIFT_COMPILATION_MODE = wholemodule;
				VALIDATE_PRODUCT = YES;
			};
			name = Release;
		};
		D9BF73F82D210C6F00A66A4A /* Debug */ = {
			isa = XCBuildConfiguration;
			buildSettings = {
				ASSETCATALOG_COMPILER_APPICON_NAME = AppIcon;
				ASSETCATALOG_COMPILER_GLOBAL_ACCENT_COLOR_NAME = AccentColor;
				CODE_SIGN_STYLE = Automatic;
				CURRENT_PROJECT_VERSION = 1;
				DEVELOPMENT_ASSET_PATHS = "\"Library/Preview Content\"";
				DEVELOPMENT_TEAM = J44YP99CCP;
				ENABLE_PREVIEWS = YES;
				GENERATE_INFOPLIST_FILE = YES;
				INFOPLIST_KEY_UIApplicationSceneManifest_Generation = YES;
				INFOPLIST_KEY_UIApplicationSupportsIndirectInputEvents = YES;
				INFOPLIST_KEY_UILaunchScreen_Generation = YES;
				INFOPLIST_KEY_UISupportedInterfaceOrientations_iPad = "UIInterfaceOrientationPortrait UIInterfaceOrientationPortraitUpsideDown UIInterfaceOrientationLandscapeLeft UIInterfaceOrientationLandscapeRight";
				INFOPLIST_KEY_UISupportedInterfaceOrientations_iPhone = "UIInterfaceOrientationPortrait UIInterfaceOrientationLandscapeLeft UIInterfaceOrientationLandscapeRight";
				LD_RUNPATH_SEARCH_PATHS = (
					"$(inherited)",
					"@executable_path/Frameworks",
				);
				MARKETING_VERSION = 1.0;
				PRODUCT_BUNDLE_IDENTIFIER = rocca.Library;
				PRODUCT_NAME = "$(TARGET_NAME)";
				SWIFT_EMIT_LOC_STRINGS = YES;
				SWIFT_VERSION = 5.0;
				TARGETED_DEVICE_FAMILY = "1,2";
			};
			name = Debug;
		};
		D9BF73F92D210C6F00A66A4A /* Release */ = {
			isa = XCBuildConfiguration;
			buildSettings = {
				ASSETCATALOG_COMPILER_APPICON_NAME = AppIcon;
				ASSETCATALOG_COMPILER_GLOBAL_ACCENT_COLOR_NAME = AccentColor;
				CODE_SIGN_STYLE = Automatic;
				CURRENT_PROJECT_VERSION = 1;
				DEVELOPMENT_ASSET_PATHS = "\"Library/Preview Content\"";
				DEVELOPMENT_TEAM = J44YP99CCP;
				ENABLE_PREVIEWS = YES;
				GENERATE_INFOPLIST_FILE = YES;
				INFOPLIST_KEY_UIApplicationSceneManifest_Generation = YES;
				INFOPLIST_KEY_UIApplicationSupportsIndirectInputEvents = YES;
				INFOPLIST_KEY_UILaunchScreen_Generation = YES;
				INFOPLIST_KEY_UISupportedInterfaceOrientations_iPad = "UIInterfaceOrientationPortrait UIInterfaceOrientationPortraitUpsideDown UIInterfaceOrientationLandscapeLeft UIInterfaceOrientationLandscapeRight";
				INFOPLIST_KEY_UISupportedInterfaceOrientations_iPhone = "UIInterfaceOrientationPortrait UIInterfaceOrientationLandscapeLeft UIInterfaceOrientationLandscapeRight";
				LD_RUNPATH_SEARCH_PATHS = (
					"$(inherited)",
					"@executable_path/Frameworks",
				);
				MARKETING_VERSION = 1.0;
				PRODUCT_BUNDLE_IDENTIFIER = rocca.Library;
				PRODUCT_NAME = "$(TARGET_NAME)";
				SWIFT_EMIT_LOC_STRINGS = YES;
				SWIFT_VERSION = 5.0;
				TARGETED_DEVICE_FAMILY = "1,2";
			};
			name = Release;
		};
/* End XCBuildConfiguration section */

/* Begin XCConfigurationList section */
		D9363B5D2D22E92600D97C22 /* Build configuration list for PBXNativeTarget "LibraryTests" */ = {
			isa = XCConfigurationList;
			buildConfigurations = (
				D9363B5E2D22E92600D97C22 /* Debug */,
				D9363B5F2D22E92600D97C22 /* Release */,
			);
			defaultConfigurationIsVisible = 0;
			defaultConfigurationName = Release;
		};
		D9BF73CE2D210C6E00A66A4A /* Build configuration list for PBXProject "Library" */ = {
			isa = XCConfigurationList;
			buildConfigurations = (
				D9BF73F52D210C6F00A66A4A /* Debug */,
				D9BF73F62D210C6F00A66A4A /* Release */,
			);
			defaultConfigurationIsVisible = 0;
			defaultConfigurationName = Release;
		};
		D9BF73F72D210C6F00A66A4A /* Build configuration list for PBXNativeTarget "Library" */ = {
			isa = XCConfigurationList;
			buildConfigurations = (
				D9BF73F82D210C6F00A66A4A /* Debug */,
				D9BF73F92D210C6F00A66A4A /* Release */,
			);
			defaultConfigurationIsVisible = 0;
			defaultConfigurationName = Release;
		};
/* End XCConfigurationList section */

/* Begin XCRemoteSwiftPackageReference section */
		D9BF74022D21297700A66A4A /* XCRemoteSwiftPackageReference "supabase-swift" */ = {
			isa = XCRemoteSwiftPackageReference;
			repositoryURL = "https://github.com/supabase/supabase-swift.git";
			requirement = {
				kind = upToNextMajorVersion;
				minimumVersion = 2.5.1;
			};
		};
/* End XCRemoteSwiftPackageReference section */

/* Begin XCSwiftPackageProductDependency section */
		D9BF74032D21297700A66A4A /* Auth */ = {
			isa = XCSwiftPackageProductDependency;
			package = D9BF74022D21297700A66A4A /* XCRemoteSwiftPackageReference "supabase-swift" */;
			productName = Auth;
		};
		D9BF74052D21297700A66A4A /* Functions */ = {
			isa = XCSwiftPackageProductDependency;
			package = D9BF74022D21297700A66A4A /* XCRemoteSwiftPackageReference "supabase-swift" */;
			productName = Functions;
		};
		D9BF74072D21297700A66A4A /* PostgREST */ = {
			isa = XCSwiftPackageProductDependency;
			package = D9BF74022D21297700A66A4A /* XCRemoteSwiftPackageReference "supabase-swift" */;
			productName = PostgREST;
		};
		D9BF74092D21297700A66A4A /* Realtime */ = {
			isa = XCSwiftPackageProductDependency;
			package = D9BF74022D21297700A66A4A /* XCRemoteSwiftPackageReference "supabase-swift" */;
			productName = Realtime;
		};
		D9BF740B2D21297700A66A4A /* Storage */ = {
			isa = XCSwiftPackageProductDependency;
			package = D9BF74022D21297700A66A4A /* XCRemoteSwiftPackageReference "supabase-swift" */;
			productName = Storage;
		};
		D9BF740D2D21297700A66A4A /* Supabase */ = {
			isa = XCSwiftPackageProductDependency;
			package = D9BF74022D21297700A66A4A /* XCRemoteSwiftPackageReference "supabase-swift" */;
			productName = Supabase;
		};
/* End XCSwiftPackageProductDependency section */
	};
	rootObject = D9BF73CB2D210C6E00A66A4A /* Project object */;
}
